
Microsoft Visual Studio Solution File, Format Version 12.00
# Visual Studio Version 16
VisualStudioVersion = 16.0.29709.97
MinimumVisualStudioVersion = 10.0.40219.1
Project("{FAE04EC0-301F-11D3-BF4B-00C04F79EFBC}") = "RaidPuzzler", "RaidPuzzler\RaidPuzzler.csproj", "{DFB3E3A6-524F-402E-9D2C-FC455D35A973}"
EndProject
Global
	GlobalSection(SolutionConfigurationPlatforms) = preSolution
		Debug|Any CPU = Debug|Any CPU
		Release|Any CPU = Release|Any CPU
	EndGlobalSection
	GlobalSection(ProjectConfigurationPlatforms) = postSolution
		{DFB3E3A6-524F-402E-9D2C-FC455D35A973}.Debug|Any CPU.ActiveCfg = Debug|Any CPU
		{DFB3E3A6-524F-402E-9D2C-FC455D35A973}.Debug|Any CPU.Build.0 = Debug|Any CPU
		{DFB3E3A6-524F-402E-9D2C-FC455D35A973}.Release|Any CPU.ActiveCfg = Release|Any CPU
		{DFB3E3A6-524F-402E-9D2C-FC455D35A973}.Release|Any CPU.Build.0 = Release|Any CPU
	EndGlobalSection
	GlobalSection(SolutionProperties) = preSolution
		HideSolutionNode = FALSE
	EndGlobalSection
	GlobalSection(ExtensibilityGlobals) = postSolution
		SolutionGuid = {D9494988-9B4C-4C69-AC40-E5EE1BAA2F1B}
	EndGlobalSection
EndGlobal
